# This file is automatically @generated by Poetry 2.2.1 and should not be changed by hand.

[[package]]
name = "cirbo"
version = "1.0.0"
description = "A New Tool for Boolean Circuit Analysis and Synthesis."
optional = false
python-versions = ">=3.9"
groups = ["main"]
files = [
    {file = "cirbo-1.0.0-cp310-cp310-macosx_10_15_x86_64.whl", hash = "sha256:d373b58869d3f84b1cb28e568c15ec84af0b92fd22d675d2f7238d07f228743a"},
    {file = "cirbo-1.0.0-cp310-cp310-macosx_11_0_arm64.whl", hash = "sha256:a41557226348f915982155736716519d73d6eecb32d78a9e51ce0ef815162fb7"},
    {file = "cirbo-1.0.0-cp310-cp310-manylinux_2_24_x86_64.manylinux_2_28_x86_64.whl", hash = "sha256:c921f4d73511583493ffecb4b1907ded0c9a601722497fb7b7f38e012c55d8d8"},
    {file = "cirbo-1.0.0-cp310-cp310-musllinux_1_2_x86_64.whl", hash = "sha256:c32f697a4c64874f87914ad1875a3e2f40cf1f139881950b4c8dca1b91ae1bd2"},
    {file = "cirbo-1.0.0-cp311-cp311-macosx_10_15_x86_64.whl", hash = "sha256:ac1b181695aed5a8122eec006c51d0b1411dc68fe1424bb8d907897402bce124"},
    {file = "cirbo-1.0.0-cp311-cp311-macosx_11_0_arm64.whl", hash = "sha256:7346ec615fe198ceefe49edb6f7e1619871d931c64d2a937f42bf0bd149840e8"},
    {file = "cirbo-1.0.0-cp311-cp311-manylinux_2_24_x86_64.manylinux_2_28_x86_64.whl", hash = "sha256:cb185ad06725db71506d8580842075dfdff01d69aa80e58ebaa4d27018472fe5"},
    {file = "cirbo-1.0.0-cp311-cp311-musllinux_1_2_x86_64.whl", hash = "sha256:0e96fd959dac1091fe5773063437a90cafce3e394ddf3c997d3e7c057d5fc565"},
    {file = "cirbo-1.0.0-cp312-cp312-macosx_10_15_x86_64.whl", hash = "sha256:1d129711317f04c307237e552f843a4919334ac16cb29780774dc698bec52b66"},
    {file = "cirbo-1.0.0-cp312-cp312-macosx_11_0_arm64.whl", hash = "sha256:b51972202e60169da9ad5f4468fe24467bd89db550b8c615ed3125911f804449"},
    {file = "cirbo-1.0.0-cp312-cp312-manylinux_2_24_x86_64.manylinux_2_28_x86_64.whl", hash = "sha256:14375b9958d58e58942cacf7e6ea356272e20b60fe56a5b5173595083cfa5920"},
    {file = "cirbo-1.0.0-cp312-cp312-musllinux_1_2_x86_64.whl", hash = "sha256:c824f47b5ce88e30d89b90656e1c5bf02cb88ee2fe303b20e19eb4aa66a9b34f"},
    {file = "cirbo-1.0.0-cp313-cp313-macosx_10_15_x86_64.whl", hash = "sha256:c1f76e318da5b857bb5d42a7e607344beaed501e11338eec6e7f75e3da46ff8c"},
    {file = "cirbo-1.0.0-cp313-cp313-macosx_11_0_arm64.whl", hash = "sha256:66b27c9af88a255433bc9b15450c05f0352c784f74faaf1c160589e1edd0d99e"},
    {file = "cirbo-1.0.0-cp313-cp313-manylinux_2_24_x86_64.manylinux_2_28_x86_64.whl", hash = "sha256:8643a7e1f1d06ee754d15593605f5dfacf263deb92ee766b0004c23b61a8d8cd"},
    {file = "cirbo-1.0.0-cp313-cp313-musllinux_1_2_x86_64.whl", hash = "sha256:f62774e97019db7a6b7238067b17b923fe5719cafa90904db7556a049040cfb3"},
    {file = "cirbo-1.0.0-cp39-cp39-macosx_10_15_x86_64.whl", hash = "sha256:fa48c6c973337e5af08813060fac1022d11fdcd4082fc01a7390c0131c738051"},
    {file = "cirbo-1.0.0-cp39-cp39-macosx_11_0_arm64.whl", hash = "sha256:5a980760f4ea3b201bed9cfee47460b2892cf1d2d89cdf58f730eccccfaf2216"},
    {file = "cirbo-1.0.0-cp39-cp39-manylinux_2_24_x86_64.manylinux_2_28_x86_64.whl", hash = "sha256:1ed76f12b0d245a943f6ac863dff92f87325c041753d17473ecd6ee5e08105e0"},
    {file = "cirbo-1.0.0-cp39-cp39-musllinux_1_2_x86_64.whl", hash = "sha256:c091ca86128ddab11d5ed371e0dc849b39cd237149f887e472f4063edb34d61b"},
]

[package.dependencies]
graphviz = ">=0.21"
more-itertools = ">=10.8.0"
pebble = ">=5.1.3"
python-sat = ">=1.8.dev26"
sortedcontainers = ">=2.4.0,<3.0.0"
typing-extensions = ">=4.14.1"

[[package]]
name = "colorama"
version = "0.4.6"
description = "Cross-platform colored terminal text."
optional = false
python-versions = "!=3.0.*,!=3.1.*,!=3.2.*,!=3.3.*,!=3.4.*,!=3.5.*,!=3.6.*,>=2.7"
groups = ["dev"]
markers = "sys_platform == \"win32\""
files = [
    {file = "colorama-0.4.6-py2.py3-none-any.whl", hash = "sha256:4f1d9991f5acc0ca119f9d443620b77f9d6b33703e51011c16baf57afb285fc6"},
    {file = "colorama-0.4.6.tar.gz", hash = "sha256:08695f5cb7ed6e0531a20572697297273c47b8cae5a63ffc6d6ed5c201be6e44"},
]

[[package]]
name = "exceptiongroup"
version = "1.3.1"
description = "Backport of PEP 654 (exception groups)"
optional = false
python-versions = ">=3.7"
groups = ["dev"]
markers = "python_version < \"3.11\""
files = [
    {file = "exceptiongroup-1.3.1-py3-none-any.whl", hash = "sha256:a7a39a3bd276781e98394987d3a5701d0c4edffb633bb7a5144577f82c773598"},
    {file = "exceptiongroup-1.3.1.tar.gz", hash = "sha256:8b412432c6055b0b7d14c310000ae93352ed6754f70fa8f7c34141f91c4e3219"},
]

[package.dependencies]
typing-extensions = {version = ">=4.6.0", markers = "python_version < \"3.13\""}

[package.extras]
test = ["pytest (>=6)"]

[[package]]
name = "graphviz"
version = "0.21"
description = "Simple Python interface for Graphviz"
optional = false
python-versions = ">=3.9"
groups = ["main"]
files = [
    {file = "graphviz-0.21-py3-none-any.whl", hash = "sha256:54f33de9f4f911d7e84e4191749cac8cc5653f815b06738c54db9a15ab8b1e42"},
    {file = "graphviz-0.21.tar.gz", hash = "sha256:20743e7183be82aaaa8ad6c93f8893c923bd6658a04c32ee115edb3c8a835f78"},
]

[package.extras]
dev = ["Flake8-pyproject", "build", "flake8", "pep8-naming", "tox (>=3)", "twine", "wheel"]
docs = ["sphinx (>=5,<7)", "sphinx-autodoc-typehints", "sphinx-rtd-theme (>=0.2.5)"]
test = ["coverage", "pytest (>=7,<8.1)", "pytest-cov", "pytest-mock (>=3)"]

[[package]]
name = "iniconfig"
version = "2.1.0"
description = "brain-dead simple config-ini parsing"
optional = false
python-versions = ">=3.8"
groups = ["dev"]
files = [
    {file = "iniconfig-2.1.0-py3-none-any.whl", hash = "sha256:9deba5723312380e77435581c6bf4935c94cbfab9b1ed33ef8d238ea168eb760"},
    {file = "iniconfig-2.1.0.tar.gz", hash = "sha256:3abbd2e30b36733fee78f9c7f7308f2d0050e88f0087fd25c2645f63c773e1c7"},
]

[[package]]
name = "more-itertools"
version = "10.8.0"
description = "More routines for operating on iterables, beyond itertools"
optional = false
python-versions = ">=3.9"
groups = ["main"]
files = [
    {file = "more_itertools-10.8.0-py3-none-any.whl", hash = "sha256:52d4362373dcf7c52546bc4af9a86ee7c4579df9a8dc268be0a2f949d376cc9b"},
    {file = "more_itertools-10.8.0.tar.gz", hash = "sha256:f638ddf8a1a0d134181275fb5d58b086ead7c6a72429ad725c67503f13ba30bd"},
]

[[package]]
name = "packaging"
version = "26.0"
description = "Core utilities for Python packages"
optional = false
python-versions = ">=3.8"
groups = ["dev"]
files = [
    {file = "packaging-26.0-py3-none-any.whl", hash = "sha256:b36f1fef9334a5588b4166f8bcd26a14e521f2b55e6b9de3aaa80d3ff7a37529"},
    {file = "packaging-26.0.tar.gz", hash = "sha256:00243ae351a257117b6a241061796684b084ed1c516a08c48a3f7e147a9d80b4"},
]

[[package]]
name = "pebble"
version = "5.2.0"
description = "Threading and multiprocessing eye-candy."
optional = false
python-versions = ">=3.8"
groups = ["main"]
files = [
    {file = "pebble-5.2.0-py3-none-any.whl", hash = "sha256:6237a792a78524648857ec6d2dae069c91a45bdef18daf957078a56e2dd8e0a8"},
    {file = "pebble-5.2.0.tar.gz", hash = "sha256:8e0a5f6a1cfdd0ac1bfc4a789e20d2b4b895de976e547d23b7de23b71ef39b34"},
]

[[package]]
name = "pluggy"
version = "1.6.0"
description = "plugin and hook calling mechanisms for python"
optional = false
python-versions = ">=3.9"
groups = ["dev"]
files = [
    {file = "pluggy-1.6.0-py3-none-any.whl", hash = "sha256:e920276dd6813095e9377c0bc5566d94c932c33b27a3e3945d8389c374dd4746"},
    {file = "pluggy-1.6.0.tar.gz", hash = "sha256:7dcc130b76258d33b90f61b658791dede3486c3e6bfb003ee5c9bfb396dd22f3"},
]

[package.extras]
dev = ["pre-commit", "tox"]
testing = ["coverage", "pytest", "pytest-benchmark"]

[[package]]
name = "pygments"
version = "2.19.2"
description = "Pygments is a syntax highlighting package written in Python."
optional = false
python-versions = ">=3.8"
groups = ["dev"]
files = [
    {file = "pygments-2.19.2-py3-none-any.whl", hash = "sha256:86540386c03d588bb81d44bc3928634ff26449851e99741617ecb9037ee5ec0b"},
    {file = "pygments-2.19.2.tar.gz", hash = "sha256:636cb2477cec7f8952536970bc533bc43743542f70392ae026374600add5b887"},
]

[package.extras]
windows-terminal = ["colorama (>=0.4.6)"]

[[package]]
name = "pytest"
version = "8.4.2"
description = "pytest: simple powerful testing with Python"
optional = false
python-versions = ">=3.9"
groups = ["dev"]
files = [
    {file = "pytest-8.4.2-py3-none-any.whl", hash = "sha256:872f880de3fc3a5bdc88a11b39c9710c3497a547cfa9320bc3c5e62fbf272e79"},
    {file = "pytest-8.4.2.tar.gz", hash = "sha256:86c0d0b93306b961d58d62a4db4879f27fe25513d4b969df351abdddb3c30e01"},
]

[package.dependencies]
colorama = {version = ">=0.4", markers = "sys_platform == \"win32\""}
exceptiongroup = {version = ">=1", markers = "python_version < \"3.11\""}
iniconfig = ">=1"
packaging = ">=20"
pluggy = ">=1.5,<2"
pygments = ">=2.7.2"
tomli = {version = ">=1", markers = "python_version < \"3.11\""}

[package.extras]
dev = ["argcomplete", "attrs (>=19.2)", "hypothesis (>=3.56)", "mock", "requests", "setuptools", "xmlschema"]

[[package]]
name = "python-sat"
version = "1.9.dev1"
description = "A Python library for prototyping with SAT oracles"
optional = false
python-versions = "*"
groups = ["main"]
files = [
    {file = "python_sat-1.9.dev1-cp310-cp310-macosx_10_9_x86_64.whl", hash = "sha256:ec23c92b855536d4e8be1b528c9831df231bac2f51791d844c0a97c53823cb09"},
    {file = "python_sat-1.9.dev1-cp310-cp310-macosx_11_0_arm64.whl", hash = "sha256:8de7116dc229de3dc18c8822fb9f95e0b318fa8790a03cf5888f4d7a0fed85b6"},
    {file = "python_sat-1.9.dev1-cp310-cp310-manylinux_2_24_aarch64.manylinux_2_28_aarch64.whl", hash = "sha256:369ade591dca39386b0f709a577eb08f08a8dfde07c3812a5afb2d204b67ab9a"},
    {file = "python_sat-1.9.dev1-cp310-cp310-manylinux_2_24_x86_64.manylinux_2_28_x86_64.whl", hash = "sha256:a42877e95c518056fdaf20b4715d8d387fee52e628ed8e4927a44ffcd92815d6"},
    {file = "python_sat-1.9.dev1-cp310-cp310-musllinux_1_2_aarch64.whl", hash = "sha256:d705ebfa1ee9ae91967afaa230dc30ca461f1a51af8cc5b614c4eba1c0c1cd2f"},
    {file = "python_sat-1.9.dev1-cp310-cp310-musllinux_1_2_x86_64.whl", hash = "sha256:463a568fa193f03951b7c6bd3dc330634abc537007a78a93fa25714b439299dc"},
    {file = "python_sat-1.9.dev1-cp310-cp310-win_amd64.whl", hash = "sha256:681396e3f26696d4c165a47dc5375b8b926fdefb459411494c197bc99504911b"},
    {file = "python_sat-1.9.dev1-cp311-cp311-macosx_10_9_x86_64.whl", hash = "sha256:c24731e9f517cb9284ad5b4694e8472de93d156789280fe036c3de0a3735949c"},
    {file = "python_sat-1.9.dev1-cp311-cp311-macosx_11_0_arm64.whl", hash = "sha256:cb5aa4521052bc0a36b186c2570f0459ffd1c3762424ba52e5711b0160f5d0c2"},
    {file = "python_sat-1.9.dev1-cp311-cp311-manylinux_2_24_aarch64.manylinux_2_28_aarch64.whl", hash = "sha256:e455cdbbb41be24b2fe8b55997bbfd6db07ca6b00d3a43e8a5f735fbd5a41b30"},
    {file = "python_sat-1.9.dev1-cp311-cp311-manylinux_2_24_x86_64.manylinux_2_28_x86_64.whl", hash = "sha256:d379e4fb33c976ce9b14a65428dc0814600980857770f695a0d4c183112c1887"},
    {file = "python_sat-1.9.dev1-cp311-cp311-musllinux_1_2_aarch64.whl", hash = "sha256:e58d15f0693e46a83ac5e8c4806c9cd92907928d59620ca89ef46d4283345147"},
    {file = "python_sat-1.9.dev1-cp311-cp311-musllinux_1_2_x86_64.whl", hash = "sha256:3af2a0caf23dcc7fb26ca620c407d245076dad27b0fa75c5476cead44f855fab"},
    {file = "python_sat-1.9.dev1-cp311-cp311-win_amd64.whl", hash = "sha256:2adc2511d5cd5d71f3489427187aef66753abe79e37a82270287238e27d437fe"},
    {file = "python_sat-1.9.dev1-cp312-cp312-macosx_10_13_x86_64.whl", hash = "sha256:8c767bd78d3e65db8b5df6d1147a6caed39827dcc8b05bd8dca88ddd4d8ad0cb"},
    {file = "python_sat-1.9.dev1-cp312-cp312-macosx_11_0_arm64.whl", hash = "sha256:18ac0272c28144fc2b6ad378ecba1d5ea394d3edfbb064a95035d0007c57d184"},
    {file = "python_sat-1.9.dev1-cp312-cp312-manylinux_2_24_aarch64.manylinux_2_28_aarch64.whl", hash = "sha256:9e83d08d6c5258686273a0a65aed9b2b274a852ac1cc610cae39205d0dcfbda9"},
    {file = "python_sat-1.9.dev1-cp312-cp312-manylinux_2_24_x86_64.manylinux_2_28_x86_64.whl", hash = "sha256:739e2d088b1d1baa3bc881f9b5a106f484eecb31af5dc68527e6e13ac14e418e"},
    {file = "python_sat-1.9.dev1-cp312-cp312-musllinux_1_2_aarch64.whl", hash = "sha256:c5619c0c5fbd3e027526dc91c6ce3c211480b137284a00d35d1576de09d4f1e2"},
    {file = "python_sat-1.9.dev1-cp312-cp312-musllinux_1_2_x86_64.whl", hash = "sha256:c3204dec101cdb46068982ca04a57aba19a988f547c68b111742995ea20e6ff0"},
    {file = "python_sat-1.9.dev1-cp312-cp312-win_amd64.whl", hash = "sha256:bfb7f7621c76156589f27045647e6af52e88a767cf0aa96afa4069232c761077"},
    {file = "python_sat-1.9.dev1-cp313-cp313-macosx_10_13_x86_64.whl", hash = "sha256:a0e07e3dbce463c87755cf49704877fa5a69b72c1c2ca808ffbee15ead9c63a4"},
    {file = "python_sat-1.9.dev1-cp313-cp313-macosx_11_0_arm64.whl", hash = "sha256:ca3c74556e4d986fb6a04a11957fcf7c372a0fdb54a40fca4d80b1070e1a4e4d"},
    {file = "python_sat-1.9.dev1-cp313-cp313-manylinux_2_24_aarch64.manylinux_2_28_aarch64.whl", hash = "sha256:43fbd6c5a7a1b71e931d67be43968ec9ae965da391ce2a91b5d80e7fbd1b9cc3"},
    {file = "python_sat-1.9.dev1-cp313-cp313-manylinux_2_24_x86_64.manylinux_2_28_x86_64.whl", hash = "sha256:9ccae678fa7ff1b48bb84026ec968f5ee2b766a20dae67b6c548e657b6e352b4"},
    {file = "python_sat-1.9.dev1-cp313-cp313-musllinux_1_2_aarch64.whl", hash = "sha256:3ba4ab1c9a048cd4e92b6f6c561cddd2ddb3e6be3fa7dd52ded86346d3b15112"},
    {file = "python_sat-1.9.dev1-cp313-cp313-musllinux_1_2_x86_64.whl", hash = "sha256:a57eb107a6e5431085480a93f28ab21016f5f7cc473ba9c28a6fcf5131350242"},
    {file = "python_sat-1.9.dev1-cp313-cp313-win_amd64.whl", hash = "sha256:223588d20ed73abc31637c4a34ca5c83798bdffc6fdbd8748d52d26d2ebd85d9"},
    {file = "python_sat-1.9.dev1-cp314-cp314-macosx_10_13_x86_64.whl", hash = "sha256:5ecc730e3d43e37c557c80b9db4809a87c34a4d84622be53b29ca787f0a0cc7d"},
    {file = "python_sat-1.9.dev1-cp314-cp314-macosx_11_0_arm64.whl", hash = "sha256:49c84479a314bb60094f887ffa233f088f83520c0b46d09d9ba3d56c1bdbc427"},
    {file = "python_sat-1.9.dev1-cp314-cp314-manylinux_2_24_aarch64.manylinux_2_28_aarch64.whl", hash = "sha256:e380439534313c6188a2bb67bd4a818da8e86de2526c309517c6479846586ff7"},
    {file = "python_sat-1.9.dev1-cp314-cp314-manylinux_2_24_x86_64.manylinux_2_28_x86_64.whl", hash = "sha256:f62417b8998b96ae34ebab670d890aced6bc594344fd1e9916470f2c36f41206"},
    {file = "python_sat-1.9.dev1-cp314-cp314-musllinux_1_2_aarch64.whl", hash = "sha256:04336dd7eaf88735721e219892d2e129805a6914a9783b1b796a0045c587ad8b"},
    {file = "python_sat-1.9.dev1-cp314-cp314-musllinux_1_2_x86_64.whl", hash = "sha256:d2a7be9b3da32220f21b5d4c1e7130de4c74ce6d5e2be8d2277ed48214f309e5"},
    {file = "python_sat-1.9.dev1-cp314-cp314-win_amd64.whl", hash = "sha256:baded4c6cf50ff60cd82d3a02d9784d956b2b5eea7839dc128a109c20f5b736b"},
    {file = "python_sat-1.9.dev1-cp314-cp314t-macosx_10_13_x86_64.whl", hash = "sha256:b9cd83dc70c3ffd5aa0fc62e8cf2ba3c5b729284fef1d46126263a88936057cb"},
    {file = "python_sat-1.9.dev1-cp314-cp314t-macosx_11_0_arm64.whl", hash = "sha256:ff9735316a656c7e77f12209a681ef10107e9bba3a06b3bda5efcf2b4b550ef5"},
    {file = "python_sat-1.9.dev1-cp314-cp314t-manylinux_2_24_aarch64.manylinux_2_28_aarch64.whl", hash = "sha256:90c7bd1a6e39c27db83d25294041711751f5dc3b145f430b1ca7cac8e5381a00"},
    {file = "python_sat-1.9.dev1-cp314-cp314t-manylinux_2_24_x86_64.manylinux_2_28_x86_64.whl", hash = "sha256:5594c40048b3d96419ec7e83534a8b31c26cb7d64fd3bde4e90a0f6a1c4a7374"},
    {file = "python_sat-1.9.dev1-cp314-cp314t-musllinux_1_2_aarch64.whl", hash = "sha256:46b448a97f0f6e2ff6b7985ef461d9f709848cb07eea00918e031404de8b67fa"},
    {file = "python_sat-1.9.dev1-cp314-cp314t-musllinux_1_2_x86_64.whl", hash = "sha256:ced914a39b5969af8cfef6898507f4645f3469ebbaa24b9cc008cec4033c9e55"},
    {file = "python_sat-1.9.dev1-cp38-cp38-macosx_10_9_x86_64.whl", hash = "sha256:c42128bb3ed51e63b147977bf149d58df41aaa0bc7b9ad70a105b468efcc851a"},
    {file = "python_sat-1.9.dev1-cp38-cp38-macosx_11_0_arm64.whl", hash = "sha256:dd5b10cde19d60d3f5c8d4c33963538c7dc699bc3b55ee0a5e18af58cbfd49cf"},
    {file = "python_sat-1.9.dev1-cp38-cp38-manylinux_2_24_aarch64.manylinux_2_28_aarch64.whl", hash = "sha256:d797944cf1095c8d23a762e328b6c593e221868110547fa861e8ad8041c98021"},
    {file = "python_sat-1.9.dev1-cp38-cp38-manylinux_2_24_x86_64.manylinux_2_28_x86_64.whl", hash = "sha256:4c95d598e9e099f1b7e7732577992f4ae83f5e18b588d96fb07926ba004a2317"},
    {file = "python_sat-1.9.dev1-cp38-cp38-musllinux_1_2_aarch64.whl", hash = "sha256:3239867a4765a78574a2cb34c82b84a82a358363c14bda1961ec936041dc42b7"},
    {file = "python_sat-1.9.dev1-cp38-cp38-musllinux_1_2_x86_64.whl", hash = "sha256:465e11c33c8731930f8d076e93428eef12766bae8b20b3b7c35d297119ec1747"},
    {file = "python_sat-1.9.dev1-cp38-cp38-win_amd64.whl", hash = "sha256:62d6dfdd017abb2f6c4791705a1d6a3239b9d18217992a97fd9899e70250d56f"},
    {file = "python_sat-1.9.dev1-cp39-cp39-macosx_10_9_x86_64.whl", hash = "sha256:f27c5b18fd7db0359754ac2f70cd6ca394f2c086bdebdf7428995b9ecb1db1f2"},
    {file = "python_sat-1.9.dev1-cp39-cp39-macosx_11_0_arm64.whl", hash = "sha256:a031bc8116a0b0297a52b2656e6bf11d0340a4e47333fdc8cc34491cf9a130b3"},
    {file = "python_sat-1.9.dev1-cp39-cp39-manylinux_2_24_aarch64.manylinux_2_28_aarch64.whl", hash = "sha256:f47cecfd3f4ae993d251d2f8afa8b4e68500a803447785264f150d49582f2c46"},
    {file = "python_sat-1.9.dev1-cp39-cp39-manylinux_2_24_x86_64.manylinux_2_28_x86_64.whl", hash = "sha256:7b896394e8d66061e5158c607d3878df77b10d7041f5ddc03e8e80457119a192"},
    {file = "python_sat-1.9.dev1-cp39-cp39-musllinux_1_2_aarch64.whl", hash = "sha256:02107dcec47bf826313efb0131f22f08df0d5662e1da660243f066e0d2b7c475"},
    {file = "python_sat-1.9.dev1-cp39-cp39-musllinux_1_2_x86_64.whl", hash = "sha256:d71dc72ef534566a3628434c96299a9697cf28ad0e1be8dca5cd88adf2ed57ac"},
    {file = "python_sat-1.9.dev1-cp39-cp39-win_amd64.whl", hash = "sha256:48e69a8c02952a7537fe60c8c9499305296fabe3388d71dd46c7d3985020b30e"},
    {file = "python_sat-1.9.dev1.tar.gz", hash = "sha256:272173c2ace3cec0947f31cfda5a582ff3389006c0407005891d07fd45d94370"},
]

[package.dependencies]
six = "*"

[package.extras]
aiger = ["py-aiger-cnf (>=2.0.0)"]
approxmc = ["pyapproxmc (>=4.1.8)"]
cryptosat = ["pycryptosat (>=5.11.18)"]
pblib = ["pypblib (>=0.0.3)"]
unigen = ["pyunigen (>=4.1.20)"]

[[package]]
name = "six"
version = "1.17.0"
description = "Python 2 and 3 compatibility utilities"
optional = false
python-versions = "!=3.0.*,!=3.1.*,!=3.2.*,>=2.7"
groups = ["main"]
files = [
    {file = "six-1.17.0-py2.py3-none-any.whl", hash = "sha256:4721f391ed90541fddacab5acf947aa0d3dc7d27b2e1e8eda2be8970586c3274"},
    {file = "six-1.17.0.tar.gz", hash = "sha256:ff70335d468e7eb6ec65b95b99d3a2836546063f63acc5171de367e834932a81"},
]

[[package]]
name = "sortedcontainers"
version = "2.4.0"
description = "Sorted Containers -- Sorted List, Sorted Dict, Sorted Set"
optional = false
python-versions = "*"
groups = ["main"]
files = [
    {file = "sortedcontainers-2.4.0-py2.py3-none-any.whl", hash = "sha256:a163dcaede0f1c021485e957a39245190e74249897e2ae4b2aa38595db237ee0"},
    {file = "sortedcontainers-2.4.0.tar.gz", hash = "sha256:25caa5a06cc30b6b83d11423433f65d1f9d76c4c6a0c90e3379eaa43b9bfdb88"},
]

[[package]]
name = "tomli"
version = "2.4.0"
description = "A lil' TOML parser"
optional = false
python-versions = ">=3.8"
groups = ["dev"]
markers = "python_version < \"3.11\""
files = [
    {file = "tomli-2.4.0-cp311-cp311-macosx_10_9_x86_64.whl", hash = "sha256:b5ef256a3fd497d4973c11bf142e9ed78b150d36f5773f1ca6088c230ffc5867"},
    {file = "tomli-2.4.0-cp311-cp311-macosx_11_0_arm64.whl", hash = "sha256:5572e41282d5268eb09a697c89a7bee84fae66511f87533a6f88bd2f7b652da9"},
    {file = "tomli-2.4.0-cp311-cp311-manylinux2014_aarch64.manylinux_2_17_aarch64.manylinux_2_28_aarch64.whl", hash = "sha256:551e321c6ba03b55676970b47cb1b73f14a0a4dce6a3e1a9458fd6d921d72e95"},
    {file = "tomli-2.4.0-cp311-cp311-manylinux2014_x86_64.manylinux_2_17_x86_64.manylinux_2_28_x86_64.whl", hash = "sha256:5e3f639a7a8f10069d0e15408c0b96a2a828cfdec6fca05296ebcdcc28ca7c76"},
    {file = "tomli-2.4.0-cp311-cp311-musllinux_1_2_aarch64.whl", hash = "sha256:1b168f2731796b045128c45982d3a4874057626da0e2ef1fdd722848b741361d"},
    {file = "tomli-2.4.0-cp311-cp311-musllinux_1_2_x86_64.whl", hash = "sha256:133e93646ec4300d651839d382d63edff11d8978be23da4cc106f5a18b7d0576"},
    {file = "tomli-2.4.0-cp311-cp311-win32.whl", hash = "sha256:b6c78bdf37764092d369722d9946cb65b8767bfa4110f902a1b2542d8d173c8a"},
    {file = "tomli-2.4.0-cp311-cp311-win_amd64.whl", hash = "sha256:d3d1654e11d724760cdb37a3d7691f0be9db5fbdaef59c9f532aabf87006dbaa"},
    {file = "tomli-2.4.0-cp311-cp311-win_arm64.whl", hash = "sha256:cae9c19ed12d4e8f3ebf46d1a75090e4c0dc16271c5bce1c833ac168f08fb614"},
    {file = "tomli-2.4.0-cp312-cp312-macosx_10_13_x86_64.whl", hash = "sha256:920b1de295e72887bafa3ad9f7a792f811847d57ea6b1215154030cf131f16b1"},
    {file = "tomli-2.4.0-cp312-cp312-macosx_11_0_arm64.whl", hash = "sha256:7d6d9a4aee98fac3eab4952ad1d73aee87359452d1c086b5ceb43ed02ddb16b8"},
    {file = "tomli-2.4.0-cp312-cp312-manylinux2014_aarch64.manylinux_2_17_aarch64.manylinux_2_28_aarch64.whl", hash = "sha256:36b9d05b51e65b254ea6c2585b59d2c4cb91c8a3d91d0ed0f17591a29aaea54a"},
    {file = "tomli-2.4.0-cp312-cp312-manylinux2014_x86_64.manylinux_2_17_x86_64.manylinux_2_28_x86_64.whl", hash = "sha256:1c8a885b370751837c029ef9bc014f27d80840e48bac415f3412e6593bbc18c1"},
    {file = "tomli-2.4.0-cp312-cp312-musllinux_1_2_aarch64.whl", hash = "sha256:8768715ffc41f0008abe25d808c20c3d990f42b6e2e58305d5da280ae7d1fa3b"},
    {file = "tomli-2.4.0-cp312-cp312-musllinux_1_2_x86_64.whl", hash = "sha256:7b438885858efd5be02a9a133caf5812b8776ee0c969fea02c45e8e3f296ba51"},
    {file = "tomli-2.4.0-cp312-cp312-win32.whl", hash = "sha256:0408e3de5ec77cc7f81960c362543cbbd91ef883e3138e81b729fc3eea5b9729"},
    {file = "tomli-2.4.0-cp312-cp312-win_amd64.whl", hash = "sha256:685306e2cc7da35be4ee914fd34ab801a6acacb061b6a7abca922aaf9ad368da"},
    {file = "tomli-2.4.0-cp312-cp312-win_arm64.whl", hash = "sha256:5aa48d7c2356055feef06a43611fc401a07337d5b006be13a30f6c58f869e3c3"},
    {file = "tomli-2.4.0-cp313-cp313-macosx_10_13_x86_64.whl", hash = "sha256:84d081fbc252d1b6a982e1870660e7330fb8f90f676f6e78b052ad4e64714bf0"},
    {file = "tomli-2.4.0-cp313-cp313-macosx_11_0_arm64.whl", hash = "sha256:9a08144fa4cba33db5255f9b74f0b89888622109bd2776148f2597447f92a94e"},
    {file = "tomli-2.4.0-cp313-cp313-manylinux2014_aarch64.manylinux_2_17_aarch64.manylinux_2_28_aarch64.whl", hash = "sha256:c73add4bb52a206fd0c0723432db123c0c75c280cbd67174dd9d2db228ebb1b4"},
    {file = "tomli-2.4.0-cp313-cp313-manylinux2014_x86_64.manylinux_2_17_x86_64.manylinux_2_28_x86_64.whl", hash = "sha256:1fb2945cbe303b1419e2706e711b7113da57b7db31ee378d08712d678a34e51e"},
    {file = "tomli-2.4.0-cp313-cp313-musllinux_1_2_aarch64.whl", hash = "sha256:bbb1b10aa643d973366dc2cb1ad94f99c1726a02343d43cbc011edbfac579e7c"},
    {file = "tomli-2.4.0-cp313-cp313-musllinux_1_2_x86_64.whl", hash = "sha256:4cbcb367d44a1f0c2be408758b43e1ffb5308abe0ea222897d6bfc8e8281ef2f"},
    {file = "tomli-2.4.0-cp313-cp313-win32.whl", hash = "sha256:7d49c66a7d5e56ac959cb6fc583aff0651094ec071ba9ad43df785abc2320d86"},
    {file = "tomli-2.4.0-cp313-cp313-win_amd64.whl", hash = "sha256:3cf226acb51d8f1c394c1b310e0e0e61fecdd7adcb78d01e294ac297dd2e7f87"},
    {file = "tomli-2.4.0-cp313-cp313-win_arm64.whl", hash = "sha256:d20b797a5c1ad80c516e41bc1fb0443ddb5006e9aaa7bda2d71978346aeb9132"},
    {file = "tomli-2.4.0-cp314-cp314-macosx_10_15_x86_64.whl", hash = "sha256:26ab906a1eb794cd4e103691daa23d95c6919cc2fa9160000ac02370cc9dd3f6"},
    {file = "tomli-2.4.0-cp314-cp314-macosx_11_0_arm64.whl", hash = "sha256:20cedb4ee43278bc4f2fee6cb50daec836959aadaf948db5172e776dd3d993fc"},
    {file = "tomli-2.4.0-cp314-cp314-manylinux2014_aarch64.manylinux_2_17_aarch64.manylinux_2_28_aarch64.whl", hash = "sha256:39b0b5d1b6dd03684b3fb276407ebed7090bbec989fa55838c98560c01113b66"},
    {file = "tomli-2.4.0-cp314-cp314-manylinux2014_x86_64.manylinux_2_17_x86_64.manylinux_2_28_x86_64.whl", hash = "sha256:a26d7ff68dfdb9f87a016ecfd1e1c2bacbe3108f4e0f8bcd2228ef9a766c787d"},
    {file = "tomli-2.4.0-cp314-cp314-musllinux_1_2_aarch64.whl", hash = "sha256:20ffd184fb1df76a66e34bd1b36b4a4641bd2b82954befa32fe8163e79f1a702"},
    {file = "tomli-2.4.0-cp314-cp314-musllinux_1_2_x86_64.whl", hash = "sha256:75c2f8bbddf170e8effc98f5e9084a8751f8174ea6ccf4fca5398436e0320bc8"},
    {file = "tomli-2.4.0-cp314-cp314-win32.whl", hash = "sha256:31d556d079d72db7c584c0627ff3a24c5d3fb4f730221d3444f3efb1b2514776"},
    {file = "tomli-2.4.0-cp314-cp314-win_amd64.whl", hash = "sha256:43e685b9b2341681907759cf3a04e14d7104b3580f808cfde1dfdb60ada85475"},
    {file = "tomli-2.4.0-cp314-cp314-win_arm64.whl", hash = "sha256:3d895d56bd3f82ddd6faaff993c275efc2ff38e52322ea264122d72729dca2b2"},
    {file = "tomli-2.4.0-cp314-cp314t-macosx_10_15_x86_64.whl", hash = "sha256:5b5807f3999fb66776dbce568cc9a828544244a8eb84b84b9bafc080c99597b9"},
    {file = "tomli-2.4.0-cp314-cp314t-macosx_11_0_arm64.whl", hash = "sha256:c084ad935abe686bd9c898e62a02a19abfc9760b5a79bc29644463eaf2840cb0"},
    {file = "tomli-2.4.0-cp314-cp314t-manylinux2014_aarch64.manylinux_2_17_aarch64.manylinux_2_28_aarch64.whl", hash = "sha256:0f2e3955efea4d1cfbcb87bc321e00dc08d2bcb737fd1d5e398af111d86db5df"},
    {file = "tomli-2.4.0-cp314-cp314t-manylinux2014_x86_64.manylinux_2_17_x86_64.manylinux_2_28_x86_64.whl", hash = "sha256:0e0fe8a0b8312acf3a88077a0802565cb09ee34107813bba1c7cd591fa6cfc8d"},
    {file = "tomli-2.4.0-cp314-cp314t-musllinux_1_2_aarch64.whl", hash = "sha256:413540dce94673591859c4c6f794dfeaa845e98bf35d72ed59636f869ef9f86f"},
    {file = "tomli-2.4.0-cp314-cp314t-musllinux_1_2_x86_64.whl", hash = "sha256:0dc56fef0e2c1c470aeac5b6ca8cc7b640bb93e92d9803ddaf9ea03e198f5b0b"},
    {file = "tomli-2.4.0-cp314-cp314t-win32.whl", hash = "sha256:d878f2a6707cc9d53a1be1414bbb419e629c3d6e67f69230217bb663e76b5087"},
    {file = "tomli-2.4.0-cp314-cp314t-win_amd64.whl", hash = "sha256:2add28aacc7425117ff6364fe9e06a183bb0251b03f986df0e78e974047571fd"},
    {file = "tomli-2.4.0-cp314-cp314t-win_arm64.whl", hash = "sha256:2b1e3b80e1d5e52e40e9b924ec43d81570f0e7d09d11081b797bc4692765a3d4"},
    {file = "tomli-2.4.0-py3-none-any.whl", hash = "sha256:1f776e7d669ebceb01dee46484485f43a4048746235e683bcdffacdf1fb4785a"},
    {file = "tomli-2.4.0.tar.gz", hash = "sha256:aa89c3f6c277dd275d8e243ad24f3b5e701491a860d5121f2cdd399fbb31fc9c"},
]

[[package]]
name = "typing-extensions"
version = "4.15.0"
description = "Backported and Experimental Type Hints for Python 3.9+"
optional = false
python-versions = ">=3.9"
groups = ["main", "dev"]
files = [
    {file = "typing_extensions-4.15.0-py3-none-any.whl", hash = "sha256:f0fa19c6845758ab08074a0cfa8b7aecb71c999ca73d62883bc25cc018c4e548"},
    {file = "typing_extensions-4.15.0.tar.gz", hash = "sha256:0cea48d173cc12fa28ecabc3b837ea3cf6f38c6d1136f85cbaaf598984861466"},
]
markers = {dev = "python_version < \"3.11\""}

[metadata]
lock-version = "2.1"
python-versions = ">=3.9,<4.0"
content-hash = "0c9fad980c753dc16cc4fe5680d4894f32307bc82336437a4c6a5fab43641aa8"
